
Microsoft Visual Studio Solution File, Format Version 12.00
# Visual Studio Version 16
VisualStudioVersion = 16.0.32802.440
MinimumVisualStudioVersion = 10.0.40219.1
Project("{8BC9CEB8-8B4A-11D0-8D11-00A0C91BC942}") = "Dibujo2D", "Dibujo2D\Dibujo2D.vcxproj", "{8C091CAC-8161-4A50-A844-61A607ACCBBE}"
EndProject
Global
	GlobalSection(SolutionConfigurationPlatforms) = preSolution
		Debug|x64 = Debug|x64
		Debug|x86 = Debug|x86
		Release|x64 = Release|x64
		Release|x86 = Release|x86
	EndGlobalSection
	GlobalSection(ProjectConfigurationPlatforms) = postSolution
		{8C091CAC-8161-4A50-A844-61A607ACCBBE}.Debug|x64.ActiveCfg = Debug|x64
		{8C091CAC-8161-4A50-A844-61A607ACCBBE}.Debug|x64.Build.0 = Debug|x64
		{8C091CAC-8161-4A50-A844-61A607ACCBBE}.Debug|x86.ActiveCfg = Debug|Win32
		{8C091CAC-8161-4A50-A844-61A607ACCBBE}.Debug|x86.Build.0 = Debug|Win32
		{8C091CAC-8161-4A50-A844-61A607ACCBBE}.Release|x64.ActiveCfg = Release|x64
		{8C091CAC-8161-4A50-A844-61A607ACCBBE}.Release|x64.Build.0 = Release|x64
		{8C091CAC-8161-4A50-A844-61A607ACCBBE}.Release|x86.ActiveCfg = Release|Win32
		{8C091CAC-8161-4A50-A844-61A607ACCBBE}.Release|x86.Build.0 = Release|Win32
	EndGlobalSection
	GlobalSection(SolutionProperties) = preSolution
		HideSolutionNode = FALSE
	EndGlobalSection
	GlobalSection(ExtensibilityGlobals) = postSolution
		SolutionGuid = {6A92A77E-8C76-44C7-A784-624081F61C1D}
	EndGlobalSection
EndGlobal
